
Microsoft Visual Studio Solution File, Format Version 12.00
# Visual Studio Version 17
VisualStudioVersion = 17.13.35931.197 d17.13
MinimumVisualStudioVersion = 10.0.40219.1
Project("{FAE04EC0-301F-11D3-BF4B-00C04F79EFBC}") = "Task 2 - Combo box usage", "Task 2 - Combo box usage\Task 2 - Combo box usage.csproj", "{FAAF0F30-A078-492E-8E43-2FF02CDCC608}"
EndProject
Global
	GlobalSection(SolutionConfigurationPlatforms) = preSolution
		Debug|Any CPU = Debug|Any CPU
		Release|Any CPU = Release|Any CPU
	EndGlobalSection
	GlobalSection(ProjectConfigurationPlatforms) = postSolution
		{FAAF0F30-A078-492E-8E43-2FF02CDCC608}.Debug|Any CPU.ActiveCfg = Debug|Any CPU
		{FAAF0F30-A078-492E-8E43-2FF02CDCC608}.Debug|Any CPU.Build.0 = Debug|Any CPU
		{FAAF0F30-A078-492E-8E43-2FF02CDCC608}.Release|Any CPU.ActiveCfg = Release|Any CPU
		{FAAF0F30-A078-492E-8E43-2FF02CDCC608}.Release|Any CPU.Build.0 = Release|Any CPU
	EndGlobalSection
	GlobalSection(SolutionProperties) = preSolution
		HideSolutionNode = FALSE
	EndGlobalSection
	GlobalSection(ExtensibilityGlobals) = postSolution
		SolutionGuid = {7CE26D30-2FB0-49FB-90DB-04655BC2AEFB}
	EndGlobalSection
EndGlobal
